
Microsoft Visual Studio Solution File, Format Version 12.00
# Visual Studio Version 17
VisualStudioVersion = 17.7.34003.232
MinimumVisualStudioVersion = 10.0.40219.1
Project("{FAE04EC0-301F-11D3-BF4B-00C04F79EFBC}") = "YardarmSampler", "YardarmSampler\YardarmSampler.csproj", "{DD97015E-D6DD-4551-B700-86D153F98CAF}"
EndProject
Project("{FAE04EC0-301F-11D3-BF4B-00C04F79EFBC}") = "SdkConsumer", "SdkConsumer\SdkConsumer.csproj", "{45DB05D0-4D68-406A-9920-EC22E2F4325F}"
EndProject
Global
	GlobalSection(SolutionConfigurationPlatforms) = preSolution
		Debug|Any CPU = Debug|Any CPU
		Release|Any CPU = Release|Any CPU
	EndGlobalSection
	GlobalSection(ProjectConfigurationPlatforms) = postSolution
		{DD97015E-D6DD-4551-B700-86D153F98CAF}.Debug|Any CPU.ActiveCfg = Debug|Any CPU
		{DD97015E-D6DD-4551-B700-86D153F98CAF}.Debug|Any CPU.Build.0 = Debug|Any CPU
		{DD97015E-D6DD-4551-B700-86D153F98CAF}.Release|Any CPU.ActiveCfg = Release|Any CPU
		{DD97015E-D6DD-4551-B700-86D153F98CAF}.Release|Any CPU.Build.0 = Release|Any CPU
		{45DB05D0-4D68-406A-9920-EC22E2F4325F}.Debug|Any CPU.ActiveCfg = Debug|Any CPU
		{45DB05D0-4D68-406A-9920-EC22E2F4325F}.Debug|Any CPU.Build.0 = Debug|Any CPU
		{45DB05D0-4D68-406A-9920-EC22E2F4325F}.Release|Any CPU.ActiveCfg = Release|Any CPU
		{45DB05D0-4D68-406A-9920-EC22E2F4325F}.Release|Any CPU.Build.0 = Release|Any CPU
	EndGlobalSection
	GlobalSection(SolutionProperties) = preSolution
		HideSolutionNode = FALSE
	EndGlobalSection
	GlobalSection(ExtensibilityGlobals) = postSolution
		SolutionGuid = {B1102A9F-1CC7-4998-813D-9BA2F41377BD}
	EndGlobalSection
EndGlobal
